
Microsoft Visual Studio Solution File, Format Version 12.00
# Visual Studio Version 16
VisualStudioVersion = 16.0.31613.86
MinimumVisualStudioVersion = 10.0.40219.1
Project("{FAE04EC0-301F-11D3-BF4B-00C04F79EFBC}") = "ChampionsOfTightAndTragic", "ChampionsOfTightAndTragic\ChampionsOfTightAndTragic.csproj", "{88D84CCE-F601-4FE1-BA2C-BD0D0CB0024E}"
EndProject
Global
	GlobalSection(SolutionConfigurationPlatforms) = preSolution
		Debug|Any CPU = Debug|Any CPU
		Release|Any CPU = Release|Any CPU
	EndGlobalSection
	GlobalSection(ProjectConfigurationPlatforms) = postSolution
		{88D84CCE-F601-4FE1-BA2C-BD0D0CB0024E}.Debug|Any CPU.ActiveCfg = Debug|Any CPU
		{88D84CCE-F601-4FE1-BA2C-BD0D0CB0024E}.Debug|Any CPU.Build.0 = Debug|Any CPU
		{88D84CCE-F601-4FE1-BA2C-BD0D0CB0024E}.Release|Any CPU.ActiveCfg = Release|Any CPU
		{88D84CCE-F601-4FE1-BA2C-BD0D0CB0024E}.Release|Any CPU.Build.0 = Release|Any CPU
	EndGlobalSection
	GlobalSection(SolutionProperties) = preSolution
		HideSolutionNode = FALSE
	EndGlobalSection
	GlobalSection(ExtensibilityGlobals) = postSolution
		SolutionGuid = {1B05C5D1-4B99-4956-836E-A42CF93EEA92}
	EndGlobalSection
EndGlobal
