
Microsoft Visual Studio Solution File, Format Version 12.00
# Visual Studio Version 16
VisualStudioVersion = 16.0.31613.86
MinimumVisualStudioVersion = 10.0.40219.1
Project("{FAE04EC0-301F-11D3-BF4B-00C04F79EFBC}") = "RegEx_Mission1", "RegEx_Mission1\RegEx_Mission1.csproj", "{CBCFBDE8-E42B-42BE-A005-B686A0F69AF6}"
EndProject
Global
	GlobalSection(SolutionConfigurationPlatforms) = preSolution
		Debug|Any CPU = Debug|Any CPU
		Release|Any CPU = Release|Any CPU
	EndGlobalSection
	GlobalSection(ProjectConfigurationPlatforms) = postSolution
		{CBCFBDE8-E42B-42BE-A005-B686A0F69AF6}.Debug|Any CPU.ActiveCfg = Debug|Any CPU
		{CBCFBDE8-E42B-42BE-A005-B686A0F69AF6}.Debug|Any CPU.Build.0 = Debug|Any CPU
		{CBCFBDE8-E42B-42BE-A005-B686A0F69AF6}.Release|Any CPU.ActiveCfg = Release|Any CPU
		{CBCFBDE8-E42B-42BE-A005-B686A0F69AF6}.Release|Any CPU.Build.0 = Release|Any CPU
	EndGlobalSection
	GlobalSection(SolutionProperties) = preSolution
		HideSolutionNode = FALSE
	EndGlobalSection
	GlobalSection(ExtensibilityGlobals) = postSolution
		SolutionGuid = {09A1F380-DA70-4133-A619-4D62D1660FF8}
	EndGlobalSection
EndGlobal
