
Microsoft Visual Studio Solution File, Format Version 12.00
# Visual Studio Version 16
VisualStudioVersion = 16.0.31613.86
MinimumVisualStudioVersion = 10.0.40219.1
Project("{FAE04EC0-301F-11D3-BF4B-00C04F79EFBC}") = "Dictionaries_Mission_3_BossLevel", "Dictionaries_Mission_3_BossLevel\Dictionaries_Mission_3_BossLevel.csproj", "{EC964C7B-D102-4811-9249-50917DF5A2F2}"
EndProject
Global
	GlobalSection(SolutionConfigurationPlatforms) = preSolution
		Debug|Any CPU = Debug|Any CPU
		Release|Any CPU = Release|Any CPU
	EndGlobalSection
	GlobalSection(ProjectConfigurationPlatforms) = postSolution
		{EC964C7B-D102-4811-9249-50917DF5A2F2}.Debug|Any CPU.ActiveCfg = Debug|Any CPU
		{EC964C7B-D102-4811-9249-50917DF5A2F2}.Debug|Any CPU.Build.0 = Debug|Any CPU
		{EC964C7B-D102-4811-9249-50917DF5A2F2}.Release|Any CPU.ActiveCfg = Release|Any CPU
		{EC964C7B-D102-4811-9249-50917DF5A2F2}.Release|Any CPU.Build.0 = Release|Any CPU
	EndGlobalSection
	GlobalSection(SolutionProperties) = preSolution
		HideSolutionNode = FALSE
	EndGlobalSection
	GlobalSection(ExtensibilityGlobals) = postSolution
		SolutionGuid = {6273E1DB-FA6A-44F2-98D9-CC5D7824F449}
	EndGlobalSection
EndGlobal
