
Microsoft Visual Studio Solution File, Format Version 12.00
# Visual Studio Version 16
VisualStudioVersion = 16.0.31613.86
MinimumVisualStudioVersion = 10.0.40219.1
Project("{FAE04EC0-301F-11D3-BF4B-00C04F79EFBC}") = "Dictionaries_1", "Dictionaries_1\Dictionaries_1.csproj", "{735A6C8E-D14B-4A34-8B65-21F438BBF976}"
EndProject
Global
	GlobalSection(SolutionConfigurationPlatforms) = preSolution
		Debug|Any CPU = Debug|Any CPU
		Release|Any CPU = Release|Any CPU
	EndGlobalSection
	GlobalSection(ProjectConfigurationPlatforms) = postSolution
		{735A6C8E-D14B-4A34-8B65-21F438BBF976}.Debug|Any CPU.ActiveCfg = Debug|Any CPU
		{735A6C8E-D14B-4A34-8B65-21F438BBF976}.Debug|Any CPU.Build.0 = Debug|Any CPU
		{735A6C8E-D14B-4A34-8B65-21F438BBF976}.Release|Any CPU.ActiveCfg = Release|Any CPU
		{735A6C8E-D14B-4A34-8B65-21F438BBF976}.Release|Any CPU.Build.0 = Release|Any CPU
	EndGlobalSection
	GlobalSection(SolutionProperties) = preSolution
		HideSolutionNode = FALSE
	EndGlobalSection
	GlobalSection(ExtensibilityGlobals) = postSolution
		SolutionGuid = {8280D542-B901-4124-B484-57BE60DA3F1C}
	EndGlobalSection
EndGlobal
