
Microsoft Visual Studio Solution File, Format Version 12.00
# Visual Studio Version 16
VisualStudioVersion = 16.0.31613.86
MinimumVisualStudioVersion = 10.0.40219.1
Project("{FAE04EC0-301F-11D3-BF4B-00C04F79EFBC}") = "Switch_Mission1", "Switch_Mission1\Switch_Mission1.csproj", "{3B59C398-8A4E-45D6-9338-21673C9B5597}"
EndProject
Global
	GlobalSection(SolutionConfigurationPlatforms) = preSolution
		Debug|Any CPU = Debug|Any CPU
		Release|Any CPU = Release|Any CPU
	EndGlobalSection
	GlobalSection(ProjectConfigurationPlatforms) = postSolution
		{3B59C398-8A4E-45D6-9338-21673C9B5597}.Debug|Any CPU.ActiveCfg = Debug|Any CPU
		{3B59C398-8A4E-45D6-9338-21673C9B5597}.Debug|Any CPU.Build.0 = Debug|Any CPU
		{3B59C398-8A4E-45D6-9338-21673C9B5597}.Release|Any CPU.ActiveCfg = Release|Any CPU
		{3B59C398-8A4E-45D6-9338-21673C9B5597}.Release|Any CPU.Build.0 = Release|Any CPU
	EndGlobalSection
	GlobalSection(SolutionProperties) = preSolution
		HideSolutionNode = FALSE
	EndGlobalSection
	GlobalSection(ExtensibilityGlobals) = postSolution
		SolutionGuid = {E1AA4932-129C-498C-BE84-7682CB542A4C}
	EndGlobalSection
EndGlobal
