
Microsoft Visual Studio Solution File, Format Version 12.00
# Visual Studio Version 16
VisualStudioVersion = 16.0.31613.86
MinimumVisualStudioVersion = 10.0.40219.1
Project("{FAE04EC0-301F-11D3-BF4B-00C04F79EFBC}") = "MonsterManual", "MonsterManual\MonsterManual.csproj", "{AE380AF4-0A3F-4D1D-8491-9D31AA6ABD76}"
EndProject
Global
	GlobalSection(SolutionConfigurationPlatforms) = preSolution
		Debug|Any CPU = Debug|Any CPU
		Release|Any CPU = Release|Any CPU
	EndGlobalSection
	GlobalSection(ProjectConfigurationPlatforms) = postSolution
		{AE380AF4-0A3F-4D1D-8491-9D31AA6ABD76}.Debug|Any CPU.ActiveCfg = Debug|Any CPU
		{AE380AF4-0A3F-4D1D-8491-9D31AA6ABD76}.Debug|Any CPU.Build.0 = Debug|Any CPU
		{AE380AF4-0A3F-4D1D-8491-9D31AA6ABD76}.Release|Any CPU.ActiveCfg = Release|Any CPU
		{AE380AF4-0A3F-4D1D-8491-9D31AA6ABD76}.Release|Any CPU.Build.0 = Release|Any CPU
	EndGlobalSection
	GlobalSection(SolutionProperties) = preSolution
		HideSolutionNode = FALSE
	EndGlobalSection
	GlobalSection(ExtensibilityGlobals) = postSolution
		SolutionGuid = {BE85F091-51E5-4BFD-9C5A-515781280B2D}
	EndGlobalSection
EndGlobal
